
Microsoft Visual Studio Solution File, Format Version 12.00
# Visual Studio 2012
Project("{FAE04EC0-301F-11D3-BF4B-00C04F79EFBC}") = "Shapis", "Shapis.csproj", "{9D3B42E2-29F1-4151-A8C7-593CB6D13DB9}"
EndProject
Project("{FAE04EC0-301F-11D3-BF4B-00C04F79EFBC}") = "ShapisTests", "..\ShapisTests\ShapisTests.csproj", "{9C086DB1-10CF-4EF5-ADD1-C805F4205449}"
	ProjectSection(ProjectDependencies) = postProject
		{9D3B42E2-29F1-4151-A8C7-593CB6D13DB9} = {9D3B42E2-29F1-4151-A8C7-593CB6D13DB9}
	EndProjectSection
EndProject
Project("{FAE04EC0-301F-11D3-BF4B-00C04F79EFBC}") = "ShapisConsole", "..\ShapisConsole\ShapisConsole.csproj", "{6CDA1682-E81E-40C1-BE24-7FF972131B94}"
	ProjectSection(ProjectDependencies) = postProject
		{9D3B42E2-29F1-4151-A8C7-593CB6D13DB9} = {9D3B42E2-29F1-4151-A8C7-593CB6D13DB9}
	EndProjectSection
EndProject
Global
	GlobalSection(SolutionConfigurationPlatforms) = preSolution
		Debug|Any CPU = Debug|Any CPU
		Release|Any CPU = Release|Any CPU
	EndGlobalSection
	GlobalSection(ProjectConfigurationPlatforms) = postSolution
		{9D3B42E2-29F1-4151-A8C7-593CB6D13DB9}.Debug|Any CPU.ActiveCfg = Debug|Any CPU
		{9D3B42E2-29F1-4151-A8C7-593CB6D13DB9}.Debug|Any CPU.Build.0 = Debug|Any CPU
		{9D3B42E2-29F1-4151-A8C7-593CB6D13DB9}.Release|Any CPU.ActiveCfg = Release|Any CPU
		{9D3B42E2-29F1-4151-A8C7-593CB6D13DB9}.Release|Any CPU.Build.0 = Release|Any CPU
		{9C086DB1-10CF-4EF5-ADD1-C805F4205449}.Debug|Any CPU.ActiveCfg = Debug|Any CPU
		{9C086DB1-10CF-4EF5-ADD1-C805F4205449}.Debug|Any CPU.Build.0 = Debug|Any CPU
		{9C086DB1-10CF-4EF5-ADD1-C805F4205449}.Release|Any CPU.ActiveCfg = Release|Any CPU
		{9C086DB1-10CF-4EF5-ADD1-C805F4205449}.Release|Any CPU.Build.0 = Release|Any CPU
		{6CDA1682-E81E-40C1-BE24-7FF972131B94}.Debug|Any CPU.ActiveCfg = Debug|Any CPU
		{6CDA1682-E81E-40C1-BE24-7FF972131B94}.Debug|Any CPU.Build.0 = Debug|Any CPU
		{6CDA1682-E81E-40C1-BE24-7FF972131B94}.Release|Any CPU.ActiveCfg = Release|Any CPU
		{6CDA1682-E81E-40C1-BE24-7FF972131B94}.Release|Any CPU.Build.0 = Release|Any CPU
	EndGlobalSection
	GlobalSection(SolutionProperties) = preSolution
		HideSolutionNode = FALSE
	EndGlobalSection
EndGlobal
